
Microsoft Visual Studio Solution File, Format Version 12.00
# Visual Studio Version 17
VisualStudioVersion = 17.14.37203.1 d17.14
MinimumVisualStudioVersion = 10.0.40219.1
Project("{888888A0-9F3D-457C-B088-3A5042F75D52}") = "myApplication2", "myApplication2\myApplication2.pyproj", "{F9E12016-FBCB-46D3-9B80-FC53C362AE96}"
EndProject
Global
	GlobalSection(SolutionConfigurationPlatforms) = preSolution
		Debug|Any CPU = Debug|Any CPU
		Release|Any CPU = Release|Any CPU
	EndGlobalSection
	GlobalSection(ProjectConfigurationPlatforms) = postSolution
		{F9E12016-FBCB-46D3-9B80-FC53C362AE96}.Debug|Any CPU.ActiveCfg = Debug|Any CPU
		{F9E12016-FBCB-46D3-9B80-FC53C362AE96}.Release|Any CPU.ActiveCfg = Release|Any CPU
	EndGlobalSection
	GlobalSection(SolutionProperties) = preSolution
		HideSolutionNode = FALSE
	EndGlobalSection
	GlobalSection(ExtensibilityGlobals) = postSolution
		SolutionGuid = {02030980-C6CF-4DA1-BAB2-7FDEE8415AC0}
	EndGlobalSection
EndGlobal
